
Microsoft Visual Studio Solution File, Format Version 12.00
# Visual Studio Version 16
VisualStudioVersion = 16.0.30225.117
MinimumVisualStudioVersion = 10.0.40219.1
Project("{FAE04EC0-301F-11D3-BF4B-00C04F79EFBC}") = "SalesTax", "SalesTax.csproj", "{4E725D7B-FADA-458F-95FD-8E8A2F880217}"
EndProject
Project("{2150E333-8FDC-42A3-9474-1A3956D46DE8}") = "SalesTaxFactory", "SalesTaxFactory", "{F4CBA980-8C17-4748-BCEB-481274948DDC}"
EndProject
Project("{FAE04EC0-301F-11D3-BF4B-00C04F79EFBC}") = "SalesTaxTests", "..\SalesTaxTests\SalesTaxTests.csproj", "{29145E6E-D50F-43BB-89EF-BE55B924F2FA}"
EndProject
Global
	GlobalSection(SolutionConfigurationPlatforms) = preSolution
		Debug|Any CPU = Debug|Any CPU
		Release|Any CPU = Release|Any CPU
	EndGlobalSection
	GlobalSection(ProjectConfigurationPlatforms) = postSolution
		{4E725D7B-FADA-458F-95FD-8E8A2F880217}.Debug|Any CPU.ActiveCfg = Debug|Any CPU
		{4E725D7B-FADA-458F-95FD-8E8A2F880217}.Debug|Any CPU.Build.0 = Debug|Any CPU
		{4E725D7B-FADA-458F-95FD-8E8A2F880217}.Release|Any CPU.ActiveCfg = Release|Any CPU
		{4E725D7B-FADA-458F-95FD-8E8A2F880217}.Release|Any CPU.Build.0 = Release|Any CPU
		{29145E6E-D50F-43BB-89EF-BE55B924F2FA}.Debug|Any CPU.ActiveCfg = Debug|Any CPU
		{29145E6E-D50F-43BB-89EF-BE55B924F2FA}.Debug|Any CPU.Build.0 = Debug|Any CPU
		{29145E6E-D50F-43BB-89EF-BE55B924F2FA}.Release|Any CPU.ActiveCfg = Release|Any CPU
		{29145E6E-D50F-43BB-89EF-BE55B924F2FA}.Release|Any CPU.Build.0 = Release|Any CPU
	EndGlobalSection
	GlobalSection(SolutionProperties) = preSolution
		HideSolutionNode = FALSE
	EndGlobalSection
	GlobalSection(NestedProjects) = preSolution
		{4E725D7B-FADA-458F-95FD-8E8A2F880217} = {F4CBA980-8C17-4748-BCEB-481274948DDC}
		{29145E6E-D50F-43BB-89EF-BE55B924F2FA} = {F4CBA980-8C17-4748-BCEB-481274948DDC}
	EndGlobalSection
	GlobalSection(ExtensibilityGlobals) = postSolution
		SolutionGuid = {91546AE0-FBAD-4B6E-BD1E-E7F3AA968FC3}
	EndGlobalSection
EndGlobal
